// !$*UTF8*$!
{
	archiveVersion = 1;
	classes = {
	};
	objectVersion = 46;
	objects = {

/* Begin PBXBuildFile section */
		9B26068D15E32AB900CD59EC /* background.png in Resources */ = {isa = PBXBuildFile; fileRef = 9B26068815E32AB900CD59EC /* background.png */; };
		9B26068E15E32AB900CD59EC /* button_client.png in Resources */ = {isa = PBXBuildFile; fileRef = 9B26068915E32AB900CD59EC /* button_client.png */; };
		9B26068F15E32AB900CD59EC /* button_client_pressed_on.png in Resources */ = {isa = PBXBuildFile; fileRef = 9B26068A15E32AB900CD59EC /* button_client_pressed_on.png */; };
		9B26069015E32AB900CD59EC /* button_server.png in Resources */ = {isa = PBXBuildFile; fileRef = 9B26068B15E32AB900CD59EC /* button_server.png */; };
		9B26069115E32AB900CD59EC /* button_server_pressed_on.png in Resources */ = {isa = PBXBuildFile; fileRef = 9B26068C15E32AB900CD59EC /* button_server_pressed_on.png */; };
		9B26069515E3300900CD59EC /* GlobalVariable.m in Sources */ = {isa = PBXBuildFile; fileRef = 9B26069415E3300900CD59EC /* GlobalVariable.m */; };
		9B26069915E3307D00CD59EC /* GCDAsyncSocket.m in Sources */ = {isa = PBXBuildFile; fileRef = 9B26069815E3307D00CD59EC /* GCDAsyncSocket.m */; };
		9B26069B15E334F100CD59EC /* CFNetwork.framework in Frameworks */ = {isa = PBXBuildFile; fileRef = 9B26069A15E334F100CD59EC /* CFNetwork.framework */; };
		9B26069D15E334F600CD59EC /* Security.framework in Frameworks */ = {isa = PBXBuildFile; fileRef = 9B26069C15E334F600CD59EC /* Security.framework */; };
		9B2606AB15E3BDF000CD59EC /* Default-Landscape~ipad.png in Resources */ = {isa = PBXBuildFile; fileRef = 9B2606AA15E3BDF000CD59EC /* Default-Landscape~ipad.png */; };
		9B3A4EE415E65C7A00F21429 /* clientConnectingViewController.m in Sources */ = {isa = PBXBuildFile; fileRef = 9B3A4EE315E65C7A00F21429 /* clientConnectingViewController.m */; };
		9B454CB615EC5DA700932D97 /* client_tool_box.png in Resources */ = {isa = PBXBuildFile; fileRef = 9B454CB415EC5DA700932D97 /* client_tool_box.png */; };
		9B454CB715EC5DA700932D97 /* pull.png in Resources */ = {isa = PBXBuildFile; fileRef = 9B454CB515EC5DA700932D97 /* pull.png */; };
		9B454CBE15EC5E3E00932D97 /* clientDrawingViewController.m in Sources */ = {isa = PBXBuildFile; fileRef = 9B454CBD15EC5E3E00932D97 /* clientDrawingViewController.m */; };
		9B454CC115EC5E5400932D97 /* clientDrawingGestureView.m in Sources */ = {isa = PBXBuildFile; fileRef = 9B454CC015EC5E5400932D97 /* clientDrawingGestureView.m */; };
		9B454CC415EC5E6900932D97 /* clientDrawingToolboxView.m in Sources */ = {isa = PBXBuildFile; fileRef = 9B454CC315EC5E6900932D97 /* clientDrawingToolboxView.m */; };
		9B928F0315EA11DB007A1E90 /* ServerDrawingViewController.m in Sources */ = {isa = PBXBuildFile; fileRef = 9B928F0215EA11DB007A1E90 /* ServerDrawingViewController.m */; };
		9BAA336415F4DE9400C72079 /* disconnect.png in Resources */ = {isa = PBXBuildFile; fileRef = 9BAA336315F4DE9400C72079 /* disconnect.png */; };
		9BB0174515E216D000133D10 /* UIKit.framework in Frameworks */ = {isa = PBXBuildFile; fileRef = 9BB0174415E216D000133D10 /* UIKit.framework */; };
		9BB0174715E216D000133D10 /* Foundation.framework in Frameworks */ = {isa = PBXBuildFile; fileRef = 9BB0174615E216D000133D10 /* Foundation.framework */; };
		9BB0174915E216D000133D10 /* CoreGraphics.framework in Frameworks */ = {isa = PBXBuildFile; fileRef = 9BB0174815E216D000133D10 /* CoreGraphics.framework */; };
		9BB0174F15E216D000133D10 /* InfoPlist.strings in Resources */ = {isa = PBXBuildFile; fileRef = 9BB0174D15E216D000133D10 /* InfoPlist.strings */; };
		9BB0175115E216D000133D10 /* main.m in Sources */ = {isa = PBXBuildFile; fileRef = 9BB0175015E216D000133D10 /* main.m */; };
		9BB0175515E216D000133D10 /* DPAppDelegate.m in Sources */ = {isa = PBXBuildFile; fileRef = 9BB0175415E216D000133D10 /* DPAppDelegate.m */; };
		9BB0175815E216D000133D10 /* MainStoryboard.storyboard in Resources */ = {isa = PBXBuildFile; fileRef = 9BB0175615E216D000133D10 /* MainStoryboard.storyboard */; };
		9BB0175B15E216D000133D10 /* DPViewController.m in Sources */ = {isa = PBXBuildFile; fileRef = 9BB0175A15E216D000133D10 /* DPViewController.m */; };
		9BB65D5E15E646ED00A9B347 /* serverConnectingViewController.m in Sources */ = {isa = PBXBuildFile; fileRef = 9BB65D5D15E646ED00A9B347 /* serverConnectingViewController.m */; };
		9BB65D6215E64A3800A9B347 /* button_connecting.png in Resources */ = {isa = PBXBuildFile; fileRef = 9BB65D6015E64A3800A9B347 /* button_connecting.png */; };
		9BB65D6315E64A3800A9B347 /* button_connecting_pressed_on.png in Resources */ = {isa = PBXBuildFile; fileRef = 9BB65D6115E64A3800A9B347 /* button_connecting_pressed_on.png */; };
		9BB65D6F15E655E400A9B347 /* background_deviceNumber.png in Resources */ = {isa = PBXBuildFile; fileRef = 9BB65D6E15E655E400A9B347 /* background_deviceNumber.png */; };
		9BE3A85115F0863C0045AC99 /* drawing_pad_background.png in Resources */ = {isa = PBXBuildFile; fileRef = 9BE3A85015F0863C0045AC99 /* drawing_pad_background.png */; };
		9BE3A85315F09A210045AC99 /* button_back.png in Resources */ = {isa = PBXBuildFile; fileRef = 9BE3A85215F09A210045AC99 /* button_back.png */; };
		9BE3A85615F0A7DD0045AC99 /* ImageLibraryCell.m in Sources */ = {isa = PBXBuildFile; fileRef = 9BE3A85515F0A7DD0045AC99 /* ImageLibraryCell.m */; };
		9BE3A85915F0A8080045AC99 /* ImageLibraryTableView.m in Sources */ = {isa = PBXBuildFile; fileRef = 9BE3A85815F0A8080045AC99 /* ImageLibraryTableView.m */; };
		9BE3A85B15F0A9C30045AC99 /* image_library_cell_background.png in Resources */ = {isa = PBXBuildFile; fileRef = 9BE3A85A15F0A9C30045AC99 /* image_library_cell_background.png */; };
		9BE3A85D15F0AD740045AC99 /* unread_signal.png in Resources */ = {isa = PBXBuildFile; fileRef = 9BE3A85C15F0AD740045AC99 /* unread_signal.png */; };
		9BE3A86015F0B4800045AC99 /* imageInfo.m in Sources */ = {isa = PBXBuildFile; fileRef = 9BE3A85F15F0B4800045AC99 /* imageInfo.m */; };
		9BE3A86215F0BA430045AC99 /* read_signal.png in Resources */ = {isa = PBXBuildFile; fileRef = 9BE3A86115F0BA430045AC99 /* read_signal.png */; };
		9BEF845715E8C70D002362ED /* MBProgressHUD.m in Sources */ = {isa = PBXBuildFile; fileRef = 9BEF845615E8C70D002362ED /* MBProgressHUD.m */; };
		9BEFE91615EB9A3200A91218 /* serverDrawingGestureView.m in Sources */ = {isa = PBXBuildFile; fileRef = 9BEFE91515EB9A3200A91218 /* serverDrawingGestureView.m */; };
		9BEFE91815EB9B9A00A91218 /* DrawingPadView.m in Sources */ = {isa = PBXBuildFile; fileRef = 9B928F3815EA6099007A1E90 /* DrawingPadView.m */; };
		9BEFE91E15EBAE7F00A91218 /* server_tool_box.png in Resources */ = {isa = PBXBuildFile; fileRef = 9BEFE91D15EBAE7F00A91218 /* server_tool_box.png */; };
		9BEFE92B15EBBCD400A91218 /* brush_active.png in Resources */ = {isa = PBXBuildFile; fileRef = 9BEFE92215EBBCD400A91218 /* brush_active.png */; };
		9BEFE92C15EBBCD400A91218 /* brush_inactive.png in Resources */ = {isa = PBXBuildFile; fileRef = 9BEFE92315EBBCD400A91218 /* brush_inactive.png */; };
		9BEFE92E15EBBCD400A91218 /* eraser_active.png in Resources */ = {isa = PBXBuildFile; fileRef = 9BEFE92515EBBCD400A91218 /* eraser_active.png */; };
		9BEFE92F15EBBCD400A91218 /* eraser_inactive.png in Resources */ = {isa = PBXBuildFile; fileRef = 9BEFE92615EBBCD400A91218 /* eraser_inactive.png */; };
		9BEFE93015EBBCD400A91218 /* marker_active.png in Resources */ = {isa = PBXBuildFile; fileRef = 9BEFE92715EBBCD400A91218 /* marker_active.png */; };
		9BEFE93115EBBCD400A91218 /* marker_inactive.png in Resources */ = {isa = PBXBuildFile; fileRef = 9BEFE92815EBBCD400A91218 /* marker_inactive.png */; };
		9BEFE93215EBBCD400A91218 /* trash.png in Resources */ = {isa = PBXBuildFile; fileRef = 9BEFE92915EBBCD400A91218 /* trash.png */; };
		9BEFE93315EBBCD400A91218 /* undo.png in Resources */ = {isa = PBXBuildFile; fileRef = 9BEFE92A15EBBCD400A91218 /* undo.png */; };
		9BEFE93515EBC5D300A91218 /* no_undo.png in Resources */ = {isa = PBXBuildFile; fileRef = 9BEFE93415EBC5D300A91218 /* no_undo.png */; };
		9BF516D615EE48FB002E9CB3 /* setting_center.png in Resources */ = {isa = PBXBuildFile; fileRef = 9BF516D415EE48FB002E9CB3 /* setting_center.png */; };
		9BF516D715EE48FB002E9CB3 /* setting_center_new.png in Resources */ = {isa = PBXBuildFile; fileRef = 9BF516D515EE48FB002E9CB3 /* setting_center_new.png */; };
		9BF516DC15EE5620002E9CB3 /* iconx72.png in Resources */ = {isa = PBXBuildFile; fileRef = 9BF516DB15EE5620002E9CB3 /* iconx72.png */; };
/* End PBXBuildFile section */

/* Begin PBXFileReference section */
		9B26068815E32AB900CD59EC /* background.png */ = {isa = PBXFileReference; lastKnownFileType = image.png; path = background.png; sourceTree = "<group>"; };
		9B26068915E32AB900CD59EC /* button_client.png */ = {isa = PBXFileReference; lastKnownFileType = image.png; path = button_client.png; sourceTree = "<group>"; };
		9B26068A15E32AB900CD59EC /* button_client_pressed_on.png */ = {isa = PBXFileReference; lastKnownFileType = image.png; path = button_client_pressed_on.png; sourceTree = "<group>"; };
		9B26068B15E32AB900CD59EC /* button_server.png */ = {isa = PBXFileReference; lastKnownFileType = image.png; path = button_server.png; sourceTree = "<group>"; };
		9B26068C15E32AB900CD59EC /* button_server_pressed_on.png */ = {isa = PBXFileReference; lastKnownFileType = image.png; path = button_server_pressed_on.png; sourceTree = "<group>"; };
		9B26069315E3300900CD59EC /* GlobalVariable.h */ = {isa = PBXFileReference; fileEncoding = 4; lastKnownFileType = sourcecode.c.h; path = GlobalVariable.h; sourceTree = "<group>"; };
		9B26069415E3300900CD59EC /* GlobalVariable.m */ = {isa = PBXFileReference; fileEncoding = 4; lastKnownFileType = sourcecode.c.objc; path = GlobalVariable.m; sourceTree = "<group>"; };
		9B26069715E3307D00CD59EC /* GCDAsyncSocket.h */ = {isa = PBXFileReference; fileEncoding = 4; lastKnownFileType = sourcecode.c.h; path = GCDAsyncSocket.h; sourceTree = "<group>"; };
		9B26069815E3307D00CD59EC /* GCDAsyncSocket.m */ = {isa = PBXFileReference; fileEncoding = 4; lastKnownFileType = sourcecode.c.objc; path = GCDAsyncSocket.m; sourceTree = "<group>"; };
		9B26069A15E334F100CD59EC /* CFNetwork.framework */ = {isa = PBXFileReference; lastKnownFileType = wrapper.framework; name = CFNetwork.framework; path = System/Library/Frameworks/CFNetwork.framework; sourceTree = SDKROOT; };
		9B26069C15E334F600CD59EC /* Security.framework */ = {isa = PBXFileReference; lastKnownFileType = wrapper.framework; name = Security.framework; path = System/Library/Frameworks/Security.framework; sourceTree = SDKROOT; };
		9B2606AA15E3BDF000CD59EC /* Default-Landscape~ipad.png */ = {isa = PBXFileReference; lastKnownFileType = image.png; name = "Default-Landscape~ipad.png"; path = "../../Default-Landscape~ipad.png"; sourceTree = "<group>"; };
		9B3A4EE215E65C7A00F21429 /* clientConnectingViewController.h */ = {isa = PBXFileReference; fileEncoding = 4; lastKnownFileType = sourcecode.c.h; path = clientConnectingViewController.h; sourceTree = "<group>"; };
		9B3A4EE315E65C7A00F21429 /* clientConnectingViewController.m */ = {isa = PBXFileReference; fileEncoding = 4; lastKnownFileType = sourcecode.c.objc; path = clientConnectingViewController.m; sourceTree = "<group>"; };
		9B454CB415EC5DA700932D97 /* client_tool_box.png */ = {isa = PBXFileReference; lastKnownFileType = image.png; path = client_tool_box.png; sourceTree = "<group>"; };
		9B454CB515EC5DA700932D97 /* pull.png */ = {isa = PBXFileReference; lastKnownFileType = image.png; path = pull.png; sourceTree = "<group>"; };
		9B454CBC15EC5E3E00932D97 /* clientDrawingViewController.h */ = {isa = PBXFileReference; fileEncoding = 4; lastKnownFileType = sourcecode.c.h; path = clientDrawingViewController.h; sourceTree = "<group>"; };
		9B454CBD15EC5E3E00932D97 /* clientDrawingViewController.m */ = {isa = PBXFileReference; fileEncoding = 4; lastKnownFileType = sourcecode.c.objc; path = clientDrawingViewController.m; sourceTree = "<group>"; };
		9B454CBF15EC5E5400932D97 /* clientDrawingGestureView.h */ = {isa = PBXFileReference; fileEncoding = 4; lastKnownFileType = sourcecode.c.h; path = clientDrawingGestureView.h; sourceTree = "<group>"; };
		9B454CC015EC5E5400932D97 /* clientDrawingGestureView.m */ = {isa = PBXFileReference; fileEncoding = 4; lastKnownFileType = sourcecode.c.objc; path = clientDrawingGestureView.m; sourceTree = "<group>"; };
		9B454CC215EC5E6900932D97 /* clientDrawingToolboxView.h */ = {isa = PBXFileReference; fileEncoding = 4; lastKnownFileType = sourcecode.c.h; path = clientDrawingToolboxView.h; sourceTree = "<group>"; };
		9B454CC315EC5E6900932D97 /* clientDrawingToolboxView.m */ = {isa = PBXFileReference; fileEncoding = 4; lastKnownFileType = sourcecode.c.objc; path = clientDrawingToolboxView.m; sourceTree = "<group>"; };
		9B928F0115EA11DB007A1E90 /* ServerDrawingViewController.h */ = {isa = PBXFileReference; fileEncoding = 4; lastKnownFileType = sourcecode.c.h; path = ServerDrawingViewController.h; sourceTree = "<group>"; };
		9B928F0215EA11DB007A1E90 /* ServerDrawingViewController.m */ = {isa = PBXFileReference; fileEncoding = 4; lastKnownFileType = sourcecode.c.objc; path = ServerDrawingViewController.m; sourceTree = "<group>"; };
		9B928F3715EA6099007A1E90 /* DrawingPadView.h */ = {isa = PBXFileReference; lastKnownFileType = sourcecode.c.h; path = DrawingPadView.h; sourceTree = "<group>"; };
		9B928F3815EA6099007A1E90 /* DrawingPadView.m */ = {isa = PBXFileReference; lastKnownFileType = sourcecode.c.objc; path = DrawingPadView.m; sourceTree = "<group>"; };
		9BAA336315F4DE9400C72079 /* disconnect.png */ = {isa = PBXFileReference; lastKnownFileType = image.png; path = disconnect.png; sourceTree = "<group>"; };
		9BB0174015E216D000133D10 /* 分享画板.app */ = {isa = PBXFileReference; explicitFileType = wrapper.application; includeInIndex = 0; path = "分享画板.app"; sourceTree = BUILT_PRODUCTS_DIR; };
		9BB0174415E216D000133D10 /* UIKit.framework */ = {isa = PBXFileReference; lastKnownFileType = wrapper.framework; name = UIKit.framework; path = System/Library/Frameworks/UIKit.framework; sourceTree = SDKROOT; };
		9BB0174615E216D000133D10 /* Foundation.framework */ = {isa = PBXFileReference; lastKnownFileType = wrapper.framework; name = Foundation.framework; path = System/Library/Frameworks/Foundation.framework; sourceTree = SDKROOT; };
		9BB0174815E216D000133D10 /* CoreGraphics.framework */ = {isa = PBXFileReference; lastKnownFileType = wrapper.framework; name = CoreGraphics.framework; path = System/Library/Frameworks/CoreGraphics.framework; sourceTree = SDKROOT; };
		9BB0174C15E216D000133D10 /* DrawingProj-Info.plist */ = {isa = PBXFileReference; lastKnownFileType = text.plist.xml; path = "DrawingProj-Info.plist"; sourceTree = "<group>"; };
		9BB0174E15E216D000133D10 /* en */ = {isa = PBXFileReference; lastKnownFileType = text.plist.strings; name = en; path = en.lproj/InfoPlist.strings; sourceTree = "<group>"; };
		9BB0175015E216D000133D10 /* main.m */ = {isa = PBXFileReference; lastKnownFileType = sourcecode.c.objc; path = main.m; sourceTree = "<group>"; };
		9BB0175215E216D000133D10 /* DrawingProj-Prefix.pch */ = {isa = PBXFileReference; lastKnownFileType = sourcecode.c.h; path = "DrawingProj-Prefix.pch"; sourceTree = "<group>"; };
		9BB0175315E216D000133D10 /* DPAppDelegate.h */ = {isa = PBXFileReference; lastKnownFileType = sourcecode.c.h; path = DPAppDelegate.h; sourceTree = "<group>"; };
		9BB0175415E216D000133D10 /* DPAppDelegate.m */ = {isa = PBXFileReference; lastKnownFileType = sourcecode.c.objc; path = DPAppDelegate.m; sourceTree = "<group>"; };
		9BB0175715E216D000133D10 /* en */ = {isa = PBXFileReference; lastKnownFileType = file.storyboard; name = en; path = en.lproj/MainStoryboard.storyboard; sourceTree = "<group>"; };
		9BB0175915E216D000133D10 /* DPViewController.h */ = {isa = PBXFileReference; lastKnownFileType = sourcecode.c.h; path = DPViewController.h; sourceTree = "<group>"; };
		9BB0175A15E216D000133D10 /* DPViewController.m */ = {isa = PBXFileReference; lastKnownFileType = sourcecode.c.objc; path = DPViewController.m; sourceTree = "<group>"; };
		9BB65D5C15E646ED00A9B347 /* serverConnectingViewController.h */ = {isa = PBXFileReference; fileEncoding = 4; lastKnownFileType = sourcecode.c.h; path = serverConnectingViewController.h; sourceTree = "<group>"; };
		9BB65D5D15E646ED00A9B347 /* serverConnectingViewController.m */ = {isa = PBXFileReference; fileEncoding = 4; lastKnownFileType = sourcecode.c.objc; path = serverConnectingViewController.m; sourceTree = "<group>"; };
		9BB65D6015E64A3800A9B347 /* button_connecting.png */ = {isa = PBXFileReference; lastKnownFileType = image.png; path = button_connecting.png; sourceTree = "<group>"; };
		9BB65D6115E64A3800A9B347 /* button_connecting_pressed_on.png */ = {isa = PBXFileReference; lastKnownFileType = image.png; path = button_connecting_pressed_on.png; sourceTree = "<group>"; };
		9BB65D6E15E655E400A9B347 /* background_deviceNumber.png */ = {isa = PBXFileReference; lastKnownFileType = image.png; path = background_deviceNumber.png; sourceTree = "<group>"; };
		9BE3A85015F0863C0045AC99 /* drawing_pad_background.png */ = {isa = PBXFileReference; lastKnownFileType = image.png; path = drawing_pad_background.png; sourceTree = "<group>"; };
		9BE3A85215F09A210045AC99 /* button_back.png */ = {isa = PBXFileReference; lastKnownFileType = image.png; path = button_back.png; sourceTree = "<group>"; };
		9BE3A85415F0A7DD0045AC99 /* ImageLibraryCell.h */ = {isa = PBXFileReference; fileEncoding = 4; lastKnownFileType = sourcecode.c.h; path = ImageLibraryCell.h; sourceTree = "<group>"; };
		9BE3A85515F0A7DD0045AC99 /* ImageLibraryCell.m */ = {isa = PBXFileReference; fileEncoding = 4; lastKnownFileType = sourcecode.c.objc; path = ImageLibraryCell.m; sourceTree = "<group>"; };
		9BE3A85715F0A8080045AC99 /* ImageLibraryTableView.h */ = {isa = PBXFileReference; fileEncoding = 4; lastKnownFileType = sourcecode.c.h; path = ImageLibraryTableView.h; sourceTree = "<group>"; };
		9BE3A85815F0A8080045AC99 /* ImageLibraryTableView.m */ = {isa = PBXFileReference; fileEncoding = 4; lastKnownFileType = sourcecode.c.objc; path = ImageLibraryTableView.m; sourceTree = "<group>"; };
		9BE3A85A15F0A9C30045AC99 /* image_library_cell_background.png */ = {isa = PBXFileReference; lastKnownFileType = image.png; path = image_library_cell_background.png; sourceTree = "<group>"; };
		9BE3A85C15F0AD740045AC99 /* unread_signal.png */ = {isa = PBXFileReference; lastKnownFileType = image.png; path = unread_signal.png; sourceTree = "<group>"; };
		9BE3A85E15F0B4800045AC99 /* imageInfo.h */ = {isa = PBXFileReference; fileEncoding = 4; lastKnownFileType = sourcecode.c.h; path = imageInfo.h; sourceTree = "<group>"; };
		9BE3A85F15F0B4800045AC99 /* imageInfo.m */ = {isa = PBXFileReference; fileEncoding = 4; lastKnownFileType = sourcecode.c.objc; path = imageInfo.m; sourceTree = "<group>"; };
		9BE3A86115F0BA430045AC99 /* read_signal.png */ = {isa = PBXFileReference; lastKnownFileType = image.png; path = read_signal.png; sourceTree = "<group>"; };
		9BEF845515E8C70D002362ED /* MBProgressHUD.h */ = {isa = PBXFileReference; fileEncoding = 4; lastKnownFileType = sourcecode.c.h; path = MBProgressHUD.h; sourceTree = "<group>"; };
		9BEF845615E8C70D002362ED /* MBProgressHUD.m */ = {isa = PBXFileReference; fileEncoding = 4; lastKnownFileType = sourcecode.c.objc; path = MBProgressHUD.m; sourceTree = "<group>"; };
		9BEFE91415EB9A3200A91218 /* serverDrawingGestureView.h */ = {isa = PBXFileReference; fileEncoding = 4; lastKnownFileType = sourcecode.c.h; path = serverDrawingGestureView.h; sourceTree = "<group>"; };
		9BEFE91515EB9A3200A91218 /* serverDrawingGestureView.m */ = {isa = PBXFileReference; fileEncoding = 4; lastKnownFileType = sourcecode.c.objc; path = serverDrawingGestureView.m; sourceTree = "<group>"; };
		9BEFE91D15EBAE7F00A91218 /* server_tool_box.png */ = {isa = PBXFileReference; lastKnownFileType = image.png; path = server_tool_box.png; sourceTree = "<group>"; };
		9BEFE92215EBBCD400A91218 /* brush_active.png */ = {isa = PBXFileReference; lastKnownFileType = image.png; path = brush_active.png; sourceTree = "<group>"; };
		9BEFE92315EBBCD400A91218 /* brush_inactive.png */ = {isa = PBXFileReference; lastKnownFileType = image.png; path = brush_inactive.png; sourceTree = "<group>"; };
		9BEFE92515EBBCD400A91218 /* eraser_active.png */ = {isa = PBXFileReference; lastKnownFileType = image.png; path = eraser_active.png; sourceTree = "<group>"; };
		9BEFE92615EBBCD400A91218 /* eraser_inactive.png */ = {isa = PBXFileReference; lastKnownFileType = image.png; path = eraser_inactive.png; sourceTree = "<group>"; };
		9BEFE92715EBBCD400A91218 /* marker_active.png */ = {isa = PBXFileReference; lastKnownFileType = image.png; path = marker_active.png; sourceTree = "<group>"; };
		9BEFE92815EBBCD400A91218 /* marker_inactive.png */ = {isa = PBXFileReference; lastKnownFileType = image.png; path = marker_inactive.png; sourceTree = "<group>"; };
		9BEFE92915EBBCD400A91218 /* trash.png */ = {isa = PBXFileReference; lastKnownFileType = image.png; path = trash.png; sourceTree = "<group>"; };
		9BEFE92A15EBBCD400A91218 /* undo.png */ = {isa = PBXFileReference; lastKnownFileType = image.png; path = undo.png; sourceTree = "<group>"; };
		9BEFE93415EBC5D300A91218 /* no_undo.png */ = {isa = PBXFileReference; lastKnownFileType = image.png; path = no_undo.png; sourceTree = "<group>"; };
		9BF516D415EE48FB002E9CB3 /* setting_center.png */ = {isa = PBXFileReference; lastKnownFileType = image.png; path = setting_center.png; sourceTree = "<group>"; };
		9BF516D515EE48FB002E9CB3 /* setting_center_new.png */ = {isa = PBXFileReference; lastKnownFileType = image.png; path = setting_center_new.png; sourceTree = "<group>"; };
		9BF516DB15EE5620002E9CB3 /* iconx72.png */ = {isa = PBXFileReference; lastKnownFileType = image.png; path = iconx72.png; sourceTree = "<group>"; };
/* End PBXFileReference section */

/* Begin PBXFrameworksBuildPhase section */
		9BB0173D15E216D000133D10 /* Frameworks */ = {
			isa = PBXFrameworksBuildPhase;
			buildActionMask = 2147483647;
			files = (
				9B26069D15E334F600CD59EC /* Security.framework in Frameworks */,
				9B26069B15E334F100CD59EC /* CFNetwork.framework in Frameworks */,
				9BB0174515E216D000133D10 /* UIKit.framework in Frameworks */,
				9BB0174715E216D000133D10 /* Foundation.framework in Frameworks */,
				9BB0174915E216D000133D10 /* CoreGraphics.framework in Frameworks */,
			);
			runOnlyForDeploymentPostprocessing = 0;
		};
/* End PBXFrameworksBuildPhase section */

/* Begin PBXGroup section */
		9B26068715E32AB900CD59EC /* GUI */ = {
			isa = PBXGroup;
			children = (
				9BAA336315F4DE9400C72079 /* disconnect.png */,
				9BE3A85C15F0AD740045AC99 /* unread_signal.png */,
				9BE3A85A15F0A9C30045AC99 /* image_library_cell_background.png */,
				9BE3A85215F09A210045AC99 /* button_back.png */,
				9BEFE92215EBBCD400A91218 /* brush_active.png */,
				9BEFE92315EBBCD400A91218 /* brush_inactive.png */,
				9BEFE92515EBBCD400A91218 /* eraser_active.png */,
				9BEFE92615EBBCD400A91218 /* eraser_inactive.png */,
				9BEFE92715EBBCD400A91218 /* marker_active.png */,
				9BEFE92815EBBCD400A91218 /* marker_inactive.png */,
				9BEFE92915EBBCD400A91218 /* trash.png */,
				9BEFE92A15EBBCD400A91218 /* undo.png */,
				9BEFE93415EBC5D300A91218 /* no_undo.png */,
				9BEFE91D15EBAE7F00A91218 /* server_tool_box.png */,
				9B454CB415EC5DA700932D97 /* client_tool_box.png */,
				9B454CB515EC5DA700932D97 /* pull.png */,
				9BB65D6015E64A3800A9B347 /* button_connecting.png */,
				9BB65D6115E64A3800A9B347 /* button_connecting_pressed_on.png */,
				9B2606AA15E3BDF000CD59EC /* Default-Landscape~ipad.png */,
				9B26068815E32AB900CD59EC /* background.png */,
				9BB65D6E15E655E400A9B347 /* background_deviceNumber.png */,
				9B26068915E32AB900CD59EC /* button_client.png */,
				9B26068A15E32AB900CD59EC /* button_client_pressed_on.png */,
				9B26068B15E32AB900CD59EC /* button_server.png */,
				9B26068C15E32AB900CD59EC /* button_server_pressed_on.png */,
				9BF516D415EE48FB002E9CB3 /* setting_center.png */,
				9BF516D515EE48FB002E9CB3 /* setting_center_new.png */,
				9BE3A85015F0863C0045AC99 /* drawing_pad_background.png */,
				9BE3A86115F0BA430045AC99 /* read_signal.png */,
			);
			path = GUI;
			sourceTree = "<group>";
		};
		9B26069615E3307D00CD59EC /* GCDAsyncSocket */ = {
			isa = PBXGroup;
			children = (
				9B26069715E3307D00CD59EC /* GCDAsyncSocket.h */,
				9B26069815E3307D00CD59EC /* GCDAsyncSocket.m */,
			);
			path = GCDAsyncSocket;
			sourceTree = "<group>";
		};
		9B454CBA15EC5DC600932D97 /* ClientClass */ = {
			isa = PBXGroup;
			children = (
				9B3A4EE215E65C7A00F21429 /* clientConnectingViewController.h */,
				9B3A4EE315E65C7A00F21429 /* clientConnectingViewController.m */,
				9B454CBC15EC5E3E00932D97 /* clientDrawingViewController.h */,
				9B454CBD15EC5E3E00932D97 /* clientDrawingViewController.m */,
				9B454CBF15EC5E5400932D97 /* clientDrawingGestureView.h */,
				9B454CC015EC5E5400932D97 /* clientDrawingGestureView.m */,
				9B454CC215EC5E6900932D97 /* clientDrawingToolboxView.h */,
				9B454CC315EC5E6900932D97 /* clientDrawingToolboxView.m */,
			);
			name = ClientClass;
			sourceTree = "<group>";
		};
		9B454CBB15EC5DEA00932D97 /* ServerClass */ = {
			isa = PBXGroup;
			children = (
				9BB65D5C15E646ED00A9B347 /* serverConnectingViewController.h */,
				9BB65D5D15E646ED00A9B347 /* serverConnectingViewController.m */,
				9B928F0115EA11DB007A1E90 /* ServerDrawingViewController.h */,
				9B928F0215EA11DB007A1E90 /* ServerDrawingViewController.m */,
				9BEFE91415EB9A3200A91218 /* serverDrawingGestureView.h */,
				9BEFE91515EB9A3200A91218 /* serverDrawingGestureView.m */,
			);
			name = ServerClass;
			sourceTree = "<group>";
		};
		9BB0173515E216D000133D10 = {
			isa = PBXGroup;
			children = (
				9BF516DB15EE5620002E9CB3 /* iconx72.png */,
				9BB0174A15E216D000133D10 /* DrawingProj */,
				9BB0174315E216D000133D10 /* Frameworks */,
				9BB0174115E216D000133D10 /* Products */,
			);
			sourceTree = "<group>";
		};
		9BB0174115E216D000133D10 /* Products */ = {
			isa = PBXGroup;
			children = (
				9BB0174015E216D000133D10 /* 分享画板.app */,
			);
			name = Products;
			sourceTree = "<group>";
		};
		9BB0174315E216D000133D10 /* Frameworks */ = {
			isa = PBXGroup;
			children = (
				9B26069C15E334F600CD59EC /* Security.framework */,
				9B26069A15E334F100CD59EC /* CFNetwork.framework */,
				9BB0174415E216D000133D10 /* UIKit.framework */,
				9BB0174615E216D000133D10 /* Foundation.framework */,
				9BB0174815E216D000133D10 /* CoreGraphics.framework */,
			);
			name = Frameworks;
			sourceTree = "<group>";
		};
		9BB0174A15E216D000133D10 /* DrawingProj */ = {
			isa = PBXGroup;
			children = (
				9BEF845415E8C70D002362ED /* MBProgressHUD */,
				9B26069615E3307D00CD59EC /* GCDAsyncSocket */,
				9B26068715E32AB900CD59EC /* GUI */,
				9B26069315E3300900CD59EC /* GlobalVariable.h */,
				9B26069415E3300900CD59EC /* GlobalVariable.m */,
				9BB0175315E216D000133D10 /* DPAppDelegate.h */,
				9BB0175415E216D000133D10 /* DPAppDelegate.m */,
				9BE3A85415F0A7DD0045AC99 /* ImageLibraryCell.h */,
				9BE3A85515F0A7DD0045AC99 /* ImageLibraryCell.m */,
				9BE3A85715F0A8080045AC99 /* ImageLibraryTableView.h */,
				9BE3A85815F0A8080045AC99 /* ImageLibraryTableView.m */,
				9BE3A85E15F0B4800045AC99 /* imageInfo.h */,
				9BE3A85F15F0B4800045AC99 /* imageInfo.m */,
				9B454CBA15EC5DC600932D97 /* ClientClass */,
				9B454CBB15EC5DEA00932D97 /* ServerClass */,
				9B928F3715EA6099007A1E90 /* DrawingPadView.h */,
				9B928F3815EA6099007A1E90 /* DrawingPadView.m */,
				9BB0175615E216D000133D10 /* MainStoryboard.storyboard */,
				9BB0175915E216D000133D10 /* DPViewController.h */,
				9BB0175A15E216D000133D10 /* DPViewController.m */,
				9BB0174B15E216D000133D10 /* Supporting Files */,
			);
			path = DrawingProj;
			sourceTree = "<group>";
		};
		9BB0174B15E216D000133D10 /* Supporting Files */ = {
			isa = PBXGroup;
			children = (
				9BB0174C15E216D000133D10 /* DrawingProj-Info.plist */,
				9BB0174D15E216D000133D10 /* InfoPlist.strings */,
				9BB0175015E216D000133D10 /* main.m */,
				9BB0175215E216D000133D10 /* DrawingProj-Prefix.pch */,
			);
			name = "Supporting Files";
			sourceTree = "<group>";
		};
		9BEF845415E8C70D002362ED /* MBProgressHUD */ = {
			isa = PBXGroup;
			children = (
				9BEF845515E8C70D002362ED /* MBProgressHUD.h */,
				9BEF845615E8C70D002362ED /* MBProgressHUD.m */,
			);
			path = MBProgressHUD;
			sourceTree = "<group>";
		};
/* End PBXGroup section */

/* Begin PBXNativeTarget section */
		9BB0173F15E216D000133D10 /* DrawingProj */ = {
			isa = PBXNativeTarget;
			buildConfigurationList = 9BB0175E15E216D000133D10 /* Build configuration list for PBXNativeTarget "DrawingProj" */;
			buildPhases = (
				9BB0173C15E216D000133D10 /* Sources */,
				9BB0173D15E216D000133D10 /* Frameworks */,
				9BB0173E15E216D000133D10 /* Resources */,
			);
			buildRules = (
			);
			dependencies = (
			);
			name = DrawingProj;
			productName = DrawingProj;
			productReference = 9BB0174015E216D000133D10 /* 分享画板.app */;
			productType = "com.apple.product-type.application";
		};
/* End PBXNativeTarget section */

/* Begin PBXProject section */
		9BB0173715E216D000133D10 /* Project object */ = {
			isa = PBXProject;
			attributes = {
				CLASSPREFIX = DP;
				LastUpgradeCheck = 0440;
				ORGANIZATIONNAME = BuG.BS;
			};
			buildConfigurationList = 9BB0173A15E216D000133D10 /* Build configuration list for PBXProject "DrawingProj" */;
			compatibilityVersion = "Xcode 3.2";
			developmentRegion = English;
			hasScannedForEncodings = 0;
			knownRegions = (
				en,
			);
			mainGroup = 9BB0173515E216D000133D10;
			productRefGroup = 9BB0174115E216D000133D10 /* Products */;
			projectDirPath = "";
			projectRoot = "";
			targets = (
				9BB0173F15E216D000133D10 /* DrawingProj */,
			);
		};
/* End PBXProject section */

/* Begin PBXResourcesBuildPhase section */
		9BB0173E15E216D000133D10 /* Resources */ = {
			isa = PBXResourcesBuildPhase;
			buildActionMask = 2147483647;
			files = (
				9BB0174F15E216D000133D10 /* InfoPlist.strings in Resources */,
				9BB0175815E216D000133D10 /* MainStoryboard.storyboard in Resources */,
				9B26068D15E32AB900CD59EC /* background.png in Resources */,
				9B26068E15E32AB900CD59EC /* button_client.png in Resources */,
				9B26068F15E32AB900CD59EC /* button_client_pressed_on.png in Resources */,
				9B26069015E32AB900CD59EC /* button_server.png in Resources */,
				9B26069115E32AB900CD59EC /* button_server_pressed_on.png in Resources */,
				9B2606AB15E3BDF000CD59EC /* Default-Landscape~ipad.png in Resources */,
				9BB65D6215E64A3800A9B347 /* button_connecting.png in Resources */,
				9BB65D6315E64A3800A9B347 /* button_connecting_pressed_on.png in Resources */,
				9BB65D6F15E655E400A9B347 /* background_deviceNumber.png in Resources */,
				9BEFE91E15EBAE7F00A91218 /* server_tool_box.png in Resources */,
				9BEFE92B15EBBCD400A91218 /* brush_active.png in Resources */,
				9BEFE92C15EBBCD400A91218 /* brush_inactive.png in Resources */,
				9BEFE92E15EBBCD400A91218 /* eraser_active.png in Resources */,
				9BEFE92F15EBBCD400A91218 /* eraser_inactive.png in Resources */,
				9BEFE93015EBBCD400A91218 /* marker_active.png in Resources */,
				9BEFE93115EBBCD400A91218 /* marker_inactive.png in Resources */,
				9BEFE93215EBBCD400A91218 /* trash.png in Resources */,
				9BEFE93315EBBCD400A91218 /* undo.png in Resources */,
				9BEFE93515EBC5D300A91218 /* no_undo.png in Resources */,
				9B454CB615EC5DA700932D97 /* client_tool_box.png in Resources */,
				9B454CB715EC5DA700932D97 /* pull.png in Resources */,
				9BF516D615EE48FB002E9CB3 /* setting_center.png in Resources */,
				9BF516D715EE48FB002E9CB3 /* setting_center_new.png in Resources */,
				9BF516DC15EE5620002E9CB3 /* iconx72.png in Resources */,
				9BE3A85115F0863C0045AC99 /* drawing_pad_background.png in Resources */,
				9BE3A85315F09A210045AC99 /* button_back.png in Resources */,
				9BE3A85B15F0A9C30045AC99 /* image_library_cell_background.png in Resources */,
				9BE3A85D15F0AD740045AC99 /* unread_signal.png in Resources */,
				9BE3A86215F0BA430045AC99 /* read_signal.png in Resources */,
				9BAA336415F4DE9400C72079 /* disconnect.png in Resources */,
			);
			runOnlyForDeploymentPostprocessing = 0;
		};
/* End PBXResourcesBuildPhase section */

/* Begin PBXSourcesBuildPhase section */
		9BB0173C15E216D000133D10 /* Sources */ = {
			isa = PBXSourcesBuildPhase;
			buildActionMask = 2147483647;
			files = (
				9BEFE91815EB9B9A00A91218 /* DrawingPadView.m in Sources */,
				9BB0175115E216D000133D10 /* main.m in Sources */,
				9BB0175515E216D000133D10 /* DPAppDelegate.m in Sources */,
				9BB0175B15E216D000133D10 /* DPViewController.m in Sources */,
				9B26069515E3300900CD59EC /* GlobalVariable.m in Sources */,
				9B26069915E3307D00CD59EC /* GCDAsyncSocket.m in Sources */,
				9BB65D5E15E646ED00A9B347 /* serverConnectingViewController.m in Sources */,
				9B3A4EE415E65C7A00F21429 /* clientConnectingViewController.m in Sources */,
				9BEF845715E8C70D002362ED /* MBProgressHUD.m in Sources */,
				9B928F0315EA11DB007A1E90 /* ServerDrawingViewController.m in Sources */,
				9BEFE91615EB9A3200A91218 /* serverDrawingGestureView.m in Sources */,
				9B454CBE15EC5E3E00932D97 /* clientDrawingViewController.m in Sources */,
				9B454CC115EC5E5400932D97 /* clientDrawingGestureView.m in Sources */,
				9B454CC415EC5E6900932D97 /* clientDrawingToolboxView.m in Sources */,
				9BE3A85615F0A7DD0045AC99 /* ImageLibraryCell.m in Sources */,
				9BE3A85915F0A8080045AC99 /* ImageLibraryTableView.m in Sources */,
				9BE3A86015F0B4800045AC99 /* imageInfo.m in Sources */,
			);
			runOnlyForDeploymentPostprocessing = 0;
		};
/* End PBXSourcesBuildPhase section */

/* Begin PBXVariantGroup section */
		9BB0174D15E216D000133D10 /* InfoPlist.strings */ = {
			isa = PBXVariantGroup;
			children = (
				9BB0174E15E216D000133D10 /* en */,
			);
			name = InfoPlist.strings;
			sourceTree = "<group>";
		};
		9BB0175615E216D000133D10 /* MainStoryboard.storyboard */ = {
			isa = PBXVariantGroup;
			children = (
				9BB0175715E216D000133D10 /* en */,
			);
			name = MainStoryboard.storyboard;
			sourceTree = "<group>";
		};
/* End PBXVariantGroup section */

/* Begin XCBuildConfiguration section */
		9BB0175C15E216D000133D10 /* Debug */ = {
			isa = XCBuildConfiguration;
			buildSettings = {
				ALWAYS_SEARCH_USER_PATHS = NO;
				ARCHS = "$(ARCHS_STANDARD_32_BIT)";
				CLANG_CXX_LANGUAGE_STANDARD = "gnu++0x";
				CLANG_ENABLE_OBJC_ARC = YES;
				CLANG_WARN__DUPLICATE_METHOD_MATCH = YES;
				"CODE_SIGN_IDENTITY[sdk=iphoneos*]" = "iPhone Developer";
				COPY_PHASE_STRIP = NO;
				GCC_C_LANGUAGE_STANDARD = gnu99;
				GCC_DYNAMIC_NO_PIC = NO;
				GCC_OPTIMIZATION_LEVEL = 0;
				GCC_PREPROCESSOR_DEFINITIONS = (
					"DEBUG=1",
					"$(inherited)",
				);
				GCC_SYMBOLS_PRIVATE_EXTERN = NO;
				GCC_VERSION = com.apple.compilers.llvm.clang.1_0;
				GCC_WARN_ABOUT_RETURN_TYPE = YES;
				GCC_WARN_UNINITIALIZED_AUTOS = YES;
				GCC_WARN_UNUSED_VARIABLE = YES;
				IPHONEOS_DEPLOYMENT_TARGET = 5.1;
				SDKROOT = iphoneos;
				TARGETED_DEVICE_FAMILY = 2;
			};
			name = Debug;
		};
		9BB0175D15E216D000133D10 /* Release */ = {
			isa = XCBuildConfiguration;
			buildSettings = {
				ALWAYS_SEARCH_USER_PATHS = NO;
				ARCHS = "$(ARCHS_STANDARD_32_BIT)";
				CLANG_CXX_LANGUAGE_STANDARD = "gnu++0x";
				CLANG_ENABLE_OBJC_ARC = YES;
				CLANG_WARN__DUPLICATE_METHOD_MATCH = YES;
				"CODE_SIGN_IDENTITY[sdk=iphoneos*]" = "iPhone Developer";
				COPY_PHASE_STRIP = YES;
				GCC_C_LANGUAGE_STANDARD = gnu99;
				GCC_VERSION = com.apple.compilers.llvm.clang.1_0;
				GCC_WARN_ABOUT_RETURN_TYPE = YES;
				GCC_WARN_UNINITIALIZED_AUTOS = YES;
				GCC_WARN_UNUSED_VARIABLE = YES;
				IPHONEOS_DEPLOYMENT_TARGET = 5.1;
				OTHER_CFLAGS = "-DNS_BLOCK_ASSERTIONS=1";
				SDKROOT = iphoneos;
				TARGETED_DEVICE_FAMILY = 2;
				VALIDATE_PRODUCT = YES;
			};
			name = Release;
		};
		9BB0175F15E216D000133D10 /* Debug */ = {
			isa = XCBuildConfiguration;
			buildSettings = {
				GCC_PRECOMPILE_PREFIX_HEADER = YES;
				GCC_PREFIX_HEADER = "DrawingProj/DrawingProj-Prefix.pch";
				INFOPLIST_FILE = "DrawingProj/DrawingProj-Info.plist";
				PRODUCT_NAME = "分享画板";
				WRAPPER_EXTENSION = app;
			};
			name = Debug;
		};
		9BB0176015E216D000133D10 /* Release */ = {
			isa = XCBuildConfiguration;
			buildSettings = {
				GCC_PRECOMPILE_PREFIX_HEADER = YES;
				GCC_PREFIX_HEADER = "DrawingProj/DrawingProj-Prefix.pch";
				INFOPLIST_FILE = "DrawingProj/DrawingProj-Info.plist";
				PRODUCT_NAME = "分享画板";
				WRAPPER_EXTENSION = app;
			};
			name = Release;
		};
/* End XCBuildConfiguration section */

/* Begin XCConfigurationList section */
		9BB0173A15E216D000133D10 /* Build configuration list for PBXProject "DrawingProj" */ = {
			isa = XCConfigurationList;
			buildConfigurations = (
				9BB0175C15E216D000133D10 /* Debug */,
				9BB0175D15E216D000133D10 /* Release */,
			);
			defaultConfigurationIsVisible = 0;
			defaultConfigurationName = Release;
		};
		9BB0175E15E216D000133D10 /* Build configuration list for PBXNativeTarget "DrawingProj" */ = {
			isa = XCConfigurationList;
			buildConfigurations = (
				9BB0175F15E216D000133D10 /* Debug */,
				9BB0176015E216D000133D10 /* Release */,
			);
			defaultConfigurationIsVisible = 0;
			defaultConfigurationName = Release;
		};
/* End XCConfigurationList section */
	};
	rootObject = 9BB0173715E216D000133D10 /* Project object */;
}
